// !$*UTF8*$!
{
	archiveVersion = 1;
	classes = {
	};
	objectVersion = 56;
	objects = {

/* Begin PBXBuildFile section */
		41A0425A29572EC2007D8C56 /* AppDelegate.swift in Sources */ = {isa = PBXBuildFile; fileRef = 41A0425929572EC2007D8C56 /* AppDelegate.swift */; };
		41A0425E29572EC2007D8C56 /* MainViewController.swift in Sources */ = {isa = PBXBuildFile; fileRef = 41A0425D29572EC2007D8C56 /* MainViewController.swift */; };
		41A0426429572EC2007D8C56 /* mmmarinasel_expense_tracker.xcdatamodeld in Sources */ = {isa = PBXBuildFile; fileRef = 41A0426229572EC2007D8C56 /* mmmarinasel_expense_tracker.xcdatamodeld */; };
		41A0426629572ECB007D8C56 /* Assets.xcassets in Resources */ = {isa = PBXBuildFile; fileRef = 41A0426529572ECB007D8C56 /* Assets.xcassets */; };
		41A0426929572ECB007D8C56 /* LaunchScreen.storyboard in Resources */ = {isa = PBXBuildFile; fileRef = 41A0426729572ECB007D8C56 /* LaunchScreen.storyboard */; };
		41A042712957327B007D8C56 /* Observable.swift in Sources */ = {isa = PBXBuildFile; fileRef = 41A042702957327A007D8C56 /* Observable.swift */; };
		41A04278295735BB007D8C56 /* Protocols.swift in Sources */ = {isa = PBXBuildFile; fileRef = 41A04277295735BB007D8C56 /* Protocols.swift */; };
		41A0427E29578054007D8C56 /* MainViewModel.swift in Sources */ = {isa = PBXBuildFile; fileRef = 41A0427D29578054007D8C56 /* MainViewModel.swift */; };
		41A0428029578107007D8C56 /* Loader.swift in Sources */ = {isa = PBXBuildFile; fileRef = 41A0427F29578107007D8C56 /* Loader.swift */; };
		41A0428229586F4B007D8C56 /* TransactionTableViewCell.swift in Sources */ = {isa = PBXBuildFile; fileRef = 41A0428129586F4B007D8C56 /* TransactionTableViewCell.swift */; };
		41A04289295872E7007D8C56 /* TransactionViewController.swift in Sources */ = {isa = PBXBuildFile; fileRef = 41A04288295872E7007D8C56 /* TransactionViewController.swift */; };
		41A0428B29587302007D8C56 /* TransactionViewModel.swift in Sources */ = {isa = PBXBuildFile; fileRef = 41A0428A29587302007D8C56 /* TransactionViewModel.swift */; };
/* End PBXBuildFile section */

/* Begin PBXFileReference section */
		41A0425629572EC2007D8C56 /* mmmarinasel_expense_tracker.app */ = {isa = PBXFileReference; explicitFileType = wrapper.application; includeInIndex = 0; path = mmmarinasel_expense_tracker.app; sourceTree = BUILT_PRODUCTS_DIR; };
		41A0425929572EC2007D8C56 /* AppDelegate.swift */ = {isa = PBXFileReference; lastKnownFileType = sourcecode.swift; path = AppDelegate.swift; sourceTree = "<group>"; };
		41A0425D29572EC2007D8C56 /* MainViewController.swift */ = {isa = PBXFileReference; lastKnownFileType = sourcecode.swift; path = MainViewController.swift; sourceTree = "<group>"; };
		41A0426329572EC2007D8C56 /* mmmarinasel_expense_tracker.xcdatamodel */ = {isa = PBXFileReference; lastKnownFileType = wrapper.xcdatamodel; path = mmmarinasel_expense_tracker.xcdatamodel; sourceTree = "<group>"; };
		41A0426529572ECB007D8C56 /* Assets.xcassets */ = {isa = PBXFileReference; lastKnownFileType = folder.assetcatalog; path = Assets.xcassets; sourceTree = "<group>"; };
		41A0426829572ECB007D8C56 /* Base */ = {isa = PBXFileReference; lastKnownFileType = file.storyboard; name = Base; path = Base.lproj/LaunchScreen.storyboard; sourceTree = "<group>"; };
		41A0426A29572ECB007D8C56 /* Info.plist */ = {isa = PBXFileReference; lastKnownFileType = text.plist.xml; path = Info.plist; sourceTree = "<group>"; };
		41A042702957327A007D8C56 /* Observable.swift */ = {isa = PBXFileReference; lastKnownFileType = sourcecode.swift; path = Observable.swift; sourceTree = "<group>"; };
		41A04277295735BB007D8C56 /* Protocols.swift */ = {isa = PBXFileReference; lastKnownFileType = sourcecode.swift; path = Protocols.swift; sourceTree = "<group>"; };
		41A0427D29578054007D8C56 /* MainViewModel.swift */ = {isa = PBXFileReference; lastKnownFileType = sourcecode.swift; path = MainViewModel.swift; sourceTree = "<group>"; };
		41A0427F29578107007D8C56 /* Loader.swift */ = {isa = PBXFileReference; lastKnownFileType = sourcecode.swift; path = Loader.swift; sourceTree = "<group>"; };
		41A0428129586F4B007D8C56 /* TransactionTableViewCell.swift */ = {isa = PBXFileReference; lastKnownFileType = sourcecode.swift; path = TransactionTableViewCell.swift; sourceTree = "<group>"; };
		41A04288295872E7007D8C56 /* TransactionViewController.swift */ = {isa = PBXFileReference; lastKnownFileType = sourcecode.swift; path = TransactionViewController.swift; sourceTree = "<group>"; };
		41A0428A29587302007D8C56 /* TransactionViewModel.swift */ = {isa = PBXFileReference; lastKnownFileType = sourcecode.swift; path = TransactionViewModel.swift; sourceTree = "<group>"; };
/* End PBXFileReference section */

/* Begin PBXFrameworksBuildPhase section */
		41A0425329572EC2007D8C56 /* Frameworks */ = {
			isa = PBXFrameworksBuildPhase;
			buildActionMask = 2147483647;
			files = (
			);
			runOnlyForDeploymentPostprocessing = 0;
		};
/* End PBXFrameworksBuildPhase section */

/* Begin PBXGroup section */
		41A0424D29572EC2007D8C56 = {
			isa = PBXGroup;
			children = (
				41A0425829572EC2007D8C56 /* mmmarinasel_expense_tracker */,
				41A0425729572EC2007D8C56 /* Products */,
			);
			sourceTree = "<group>";
		};
		41A0425729572EC2007D8C56 /* Products */ = {
			isa = PBXGroup;
			children = (
				41A0425629572EC2007D8C56 /* mmmarinasel_expense_tracker.app */,
			);
			name = Products;
			sourceTree = "<group>";
		};
		41A0425829572EC2007D8C56 /* mmmarinasel_expense_tracker */ = {
			isa = PBXGroup;
			children = (
				41A042752957359E007D8C56 /* Coordinators */,
				41A04274295732E5007D8C56 /* Service */,
				41A04272295732D8007D8C56 /* Helper */,
				41A04273295732DE007D8C56 /* Screens */,
				41A0425929572EC2007D8C56 /* AppDelegate.swift */,
				41A0426529572ECB007D8C56 /* Assets.xcassets */,
				41A0426729572ECB007D8C56 /* LaunchScreen.storyboard */,
				41A0426A29572ECB007D8C56 /* Info.plist */,
				41A0426229572EC2007D8C56 /* mmmarinasel_expense_tracker.xcdatamodeld */,
			);
			path = mmmarinasel_expense_tracker;
			sourceTree = "<group>";
		};
		41A04272295732D8007D8C56 /* Helper */ = {
			isa = PBXGroup;
			children = (
				41A042702957327A007D8C56 /* Observable.swift */,
			);
			path = Helper;
			sourceTree = "<group>";
		};
		41A04273295732DE007D8C56 /* Screens */ = {
			isa = PBXGroup;
			children = (
				41A0427929577FEF007D8C56 /* Main */,
				41A04284295870A8007D8C56 /* Transaction */,
			);
			path = Screens;
			sourceTree = "<group>";
		};
		41A04274295732E5007D8C56 /* Service */ = {
			isa = PBXGroup;
			children = (
				41A0427F29578107007D8C56 /* Loader.swift */,
			);
			path = Service;
			sourceTree = "<group>";
		};
		41A042752957359E007D8C56 /* Coordinators */ = {
			isa = PBXGroup;
			children = (
				41A04276295735AC007D8C56 /* Protocols */,
			);
			path = Coordinators;
			sourceTree = "<group>";
		};
		41A04276295735AC007D8C56 /* Protocols */ = {
			isa = PBXGroup;
			children = (
				41A04277295735BB007D8C56 /* Protocols.swift */,
			);
			path = Protocols;
			sourceTree = "<group>";
		};
		41A0427929577FEF007D8C56 /* Main */ = {
			isa = PBXGroup;
			children = (
				41A0427C2957800E007D8C56 /* Model */,
				41A0427B29578009007D8C56 /* View */,
				41A0427A29577FFA007D8C56 /* ViewModel */,
			);
			path = Main;
			sourceTree = "<group>";
		};
		41A0427A29577FFA007D8C56 /* ViewModel */ = {
			isa = PBXGroup;
			children = (
				41A0427D29578054007D8C56 /* MainViewModel.swift */,
			);
			path = ViewModel;
			sourceTree = "<group>";
		};
		41A0427B29578009007D8C56 /* View */ = {
			isa = PBXGroup;
			children = (
				41A0425D29572EC2007D8C56 /* MainViewController.swift */,
				41A0428329586F4F007D8C56 /* Cell */,
			);
			path = View;
			sourceTree = "<group>";
		};
		41A0427C2957800E007D8C56 /* Model */ = {
			isa = PBXGroup;
			children = (
			);
			path = Model;
			sourceTree = "<group>";
		};
		41A0428329586F4F007D8C56 /* Cell */ = {
			isa = PBXGroup;
			children = (
				41A0428129586F4B007D8C56 /* TransactionTableViewCell.swift */,
			);
			path = Cell;
			sourceTree = "<group>";
		};
		41A04284295870A8007D8C56 /* Transaction */ = {
			isa = PBXGroup;
			children = (
				41A04287295870BC007D8C56 /* Model */,
				41A04286295870B7007D8C56 /* View */,
				41A04285295870B1007D8C56 /* ViewModel */,
			);
			path = Transaction;
			sourceTree = "<group>";
		};
		41A04285295870B1007D8C56 /* ViewModel */ = {
			isa = PBXGroup;
			children = (
				41A0428A29587302007D8C56 /* TransactionViewModel.swift */,
			);
			path = ViewModel;
			sourceTree = "<group>";
		};
		41A04286295870B7007D8C56 /* View */ = {
			isa = PBXGroup;
			children = (
				41A04288295872E7007D8C56 /* TransactionViewController.swift */,
			);
			path = View;
			sourceTree = "<group>";
		};
		41A04287295870BC007D8C56 /* Model */ = {
			isa = PBXGroup;
			children = (
			);
			path = Model;
			sourceTree = "<group>";
		};
/* End PBXGroup section */

/* Begin PBXNativeTarget section */
		41A0425529572EC2007D8C56 /* mmmarinasel_expense_tracker */ = {
			isa = PBXNativeTarget;
			buildConfigurationList = 41A0426D29572ECB007D8C56 /* Build configuration list for PBXNativeTarget "mmmarinasel_expense_tracker" */;
			buildPhases = (
				41A0425229572EC2007D8C56 /* Sources */,
				41A0425329572EC2007D8C56 /* Frameworks */,
				41A0425429572EC2007D8C56 /* Resources */,
			);
			buildRules = (
			);
			dependencies = (
			);
			name = mmmarinasel_expense_tracker;
			productName = mmmarinasel_expense_tracker;
			productReference = 41A0425629572EC2007D8C56 /* mmmarinasel_expense_tracker.app */;
			productType = "com.apple.product-type.application";
		};
/* End PBXNativeTarget section */

/* Begin PBXProject section */
		41A0424E29572EC2007D8C56 /* Project object */ = {
			isa = PBXProject;
			attributes = {
				BuildIndependentTargetsInParallel = 1;
				LastSwiftUpdateCheck = 1410;
				LastUpgradeCheck = 1410;
				TargetAttributes = {
					41A0425529572EC2007D8C56 = {
						CreatedOnToolsVersion = 14.1;
					};
				};
			};
			buildConfigurationList = 41A0425129572EC2007D8C56 /* Build configuration list for PBXProject "mmmarinasel_expense_tracker" */;
			compatibilityVersion = "Xcode 14.0";
			developmentRegion = en;
			hasScannedForEncodings = 0;
			knownRegions = (
				en,
				Base,
			);
			mainGroup = 41A0424D29572EC2007D8C56;
			productRefGroup = 41A0425729572EC2007D8C56 /* Products */;
			projectDirPath = "";
			projectRoot = "";
			targets = (
				41A0425529572EC2007D8C56 /* mmmarinasel_expense_tracker */,
			);
		};
/* End PBXProject section */

/* Begin PBXResourcesBuildPhase section */
		41A0425429572EC2007D8C56 /* Resources */ = {
			isa = PBXResourcesBuildPhase;
			buildActionMask = 2147483647;
			files = (
				41A0426929572ECB007D8C56 /* LaunchScreen.storyboard in Resources */,
				41A0426629572ECB007D8C56 /* Assets.xcassets in Resources */,
			);
			runOnlyForDeploymentPostprocessing = 0;
		};
/* End PBXResourcesBuildPhase section */

/* Begin PBXSourcesBuildPhase section */
		41A0425229572EC2007D8C56 /* Sources */ = {
			isa = PBXSourcesBuildPhase;
			buildActionMask = 2147483647;
			files = (
				41A0426429572EC2007D8C56 /* mmmarinasel_expense_tracker.xcdatamodeld in Sources */,
				41A042712957327B007D8C56 /* Observable.swift in Sources */,
				41A0428229586F4B007D8C56 /* TransactionTableViewCell.swift in Sources */,
				41A04278295735BB007D8C56 /* Protocols.swift in Sources */,
				41A04289295872E7007D8C56 /* TransactionViewController.swift in Sources */,
				41A0425E29572EC2007D8C56 /* MainViewController.swift in Sources */,
				41A0425A29572EC2007D8C56 /* AppDelegate.swift in Sources */,
				41A0428029578107007D8C56 /* Loader.swift in Sources */,
				41A0427E29578054007D8C56 /* MainViewModel.swift in Sources */,
				41A0428B29587302007D8C56 /* TransactionViewModel.swift in Sources */,
			);
			runOnlyForDeploymentPostprocessing = 0;
		};
/* End PBXSourcesBuildPhase section */

/* Begin PBXVariantGroup section */
		41A0426729572ECB007D8C56 /* LaunchScreen.storyboard */ = {
			isa = PBXVariantGroup;
			children = (
				41A0426829572ECB007D8C56 /* Base */,
			);
			name = LaunchScreen.storyboard;
			sourceTree = "<group>";
		};
/* End PBXVariantGroup section */

/* Begin XCBuildConfiguration section */
		41A0426B29572ECB007D8C56 /* Debug */ = {
			isa = XCBuildConfiguration;
			buildSettings = {
				ALWAYS_SEARCH_USER_PATHS = NO;
				CLANG_ANALYZER_NONNULL = YES;
				CLANG_ANALYZER_NUMBER_OBJECT_CONVERSION = YES_AGGRESSIVE;
				CLANG_CXX_LANGUAGE_STANDARD = "gnu++20";
				CLANG_ENABLE_MODULES = YES;
				CLANG_ENABLE_OBJC_ARC = YES;
				CLANG_ENABLE_OBJC_WEAK = YES;
				CLANG_WARN_BLOCK_CAPTURE_AUTORELEASING = YES;
				CLANG_WARN_BOOL_CONVERSION = YES;
				CLANG_WARN_COMMA = YES;
				CLANG_WARN_CONSTANT_CONVERSION = YES;
				CLANG_WARN_DEPRECATED_OBJC_IMPLEMENTATIONS = YES;
				CLANG_WARN_DIRECT_OBJC_ISA_USAGE = YES_ERROR;
				CLANG_WARN_DOCUMENTATION_COMMENTS = YES;
				CLANG_WARN_EMPTY_BODY = YES;
				CLANG_WARN_ENUM_CONVERSION = YES;
				CLANG_WARN_INFINITE_RECURSION = YES;
				CLANG_WARN_INT_CONVERSION = YES;
				CLANG_WARN_NON_LITERAL_NULL_CONVERSION = YES;
				CLANG_WARN_OBJC_IMPLICIT_RETAIN_SELF = YES;
				CLANG_WARN_OBJC_LITERAL_CONVERSION = YES;
				CLANG_WARN_OBJC_ROOT_CLASS = YES_ERROR;
				CLANG_WARN_QUOTED_INCLUDE_IN_FRAMEWORK_HEADER = YES;
				CLANG_WARN_RANGE_LOOP_ANALYSIS = YES;
				CLANG_WARN_STRICT_PROTOTYPES = YES;
				CLANG_WARN_SUSPICIOUS_MOVE = YES;
				CLANG_WARN_UNGUARDED_AVAILABILITY = YES_AGGRESSIVE;
				CLANG_WARN_UNREACHABLE_CODE = YES;
				CLANG_WARN__DUPLICATE_METHOD_MATCH = YES;
				COPY_PHASE_STRIP = NO;
				DEBUG_INFORMATION_FORMAT = dwarf;
				ENABLE_STRICT_OBJC_MSGSEND = YES;
				ENABLE_TESTABILITY = YES;
				GCC_C_LANGUAGE_STANDARD = gnu11;
				GCC_DYNAMIC_NO_PIC = NO;
				GCC_NO_COMMON_BLOCKS = YES;
				GCC_OPTIMIZATION_LEVEL = 0;
				GCC_PREPROCESSOR_DEFINITIONS = (
					"DEBUG=1",
					"$(inherited)",
				);
				GCC_WARN_64_TO_32_BIT_CONVERSION = YES;
				GCC_WARN_ABOUT_RETURN_TYPE = YES_ERROR;
				GCC_WARN_UNDECLARED_SELECTOR = YES;
				GCC_WARN_UNINITIALIZED_AUTOS = YES_AGGRESSIVE;
				GCC_WARN_UNUSED_FUNCTION = YES;
				GCC_WARN_UNUSED_VARIABLE = YES;
				IPHONEOS_DEPLOYMENT_TARGET = 16.1;
				MTL_ENABLE_DEBUG_INFO = INCLUDE_SOURCE;
				MTL_FAST_MATH = YES;
				ONLY_ACTIVE_ARCH = YES;
				SDKROOT = iphoneos;
				SWIFT_ACTIVE_COMPILATION_CONDITIONS = DEBUG;
				SWIFT_OPTIMIZATION_LEVEL = "-Onone";
			};
			name = Debug;
		};
		41A0426C29572ECB007D8C56 /* Release */ = {
			isa = XCBuildConfiguration;
			buildSettings = {
				ALWAYS_SEARCH_USER_PATHS = NO;
				CLANG_ANALYZER_NONNULL = YES;
				CLANG_ANALYZER_NUMBER_OBJECT_CONVERSION = YES_AGGRESSIVE;
				CLANG_CXX_LANGUAGE_STANDARD = "gnu++20";
				CLANG_ENABLE_MODULES = YES;
				CLANG_ENABLE_OBJC_ARC = YES;
				CLANG_ENABLE_OBJC_WEAK = YES;
				CLANG_WARN_BLOCK_CAPTURE_AUTORELEASING = YES;
				CLANG_WARN_BOOL_CONVERSION = YES;
				CLANG_WARN_COMMA = YES;
				CLANG_WARN_CONSTANT_CONVERSION = YES;
				CLANG_WARN_DEPRECATED_OBJC_IMPLEMENTATIONS = YES;
				CLANG_WARN_DIRECT_OBJC_ISA_USAGE = YES_ERROR;
				CLANG_WARN_DOCUMENTATION_COMMENTS = YES;
				CLANG_WARN_EMPTY_BODY = YES;
				CLANG_WARN_ENUM_CONVERSION = YES;
				CLANG_WARN_INFINITE_RECURSION = YES;
				CLANG_WARN_INT_CONVERSION = YES;
				CLANG_WARN_NON_LITERAL_NULL_CONVERSION = YES;
				CLANG_WARN_OBJC_IMPLICIT_RETAIN_SELF = YES;
				CLANG_WARN_OBJC_LITERAL_CONVERSION = YES;
				CLANG_WARN_OBJC_ROOT_CLASS = YES_ERROR;
				CLANG_WARN_QUOTED_INCLUDE_IN_FRAMEWORK_HEADER = YES;
				CLANG_WARN_RANGE_LOOP_ANALYSIS = YES;
				CLANG_WARN_STRICT_PROTOTYPES = YES;
				CLANG_WARN_SUSPICIOUS_MOVE = YES;
				CLANG_WARN_UNGUARDED_AVAILABILITY = YES_AGGRESSIVE;
				CLANG_WARN_UNREACHABLE_CODE = YES;
				CLANG_WARN__DUPLICATE_METHOD_MATCH = YES;
				COPY_PHASE_STRIP = NO;
				DEBUG_INFORMATION_FORMAT = "dwarf-with-dsym";
				ENABLE_NS_ASSERTIONS = NO;
				ENABLE_STRICT_OBJC_MSGSEND = YES;
				GCC_C_LANGUAGE_STANDARD = gnu11;
				GCC_NO_COMMON_BLOCKS = YES;
				GCC_WARN_64_TO_32_BIT_CONVERSION = YES;
				GCC_WARN_ABOUT_RETURN_TYPE = YES_ERROR;
				GCC_WARN_UNDECLARED_SELECTOR = YES;
				GCC_WARN_UNINITIALIZED_AUTOS = YES_AGGRESSIVE;
				GCC_WARN_UNUSED_FUNCTION = YES;
				GCC_WARN_UNUSED_VARIABLE = YES;
				IPHONEOS_DEPLOYMENT_TARGET = 16.1;
				MTL_ENABLE_DEBUG_INFO = NO;
				MTL_FAST_MATH = YES;
				SDKROOT = iphoneos;
				SWIFT_COMPILATION_MODE = wholemodule;
				SWIFT_OPTIMIZATION_LEVEL = "-O";
				VALIDATE_PRODUCT = YES;
			};
			name = Release;
		};
		41A0426E29572ECB007D8C56 /* Debug */ = {
			isa = XCBuildConfiguration;
			buildSettings = {
				ASSETCATALOG_COMPILER_APPICON_NAME = AppIcon;
				ASSETCATALOG_COMPILER_GLOBAL_ACCENT_COLOR_NAME = AccentColor;
				CODE_SIGN_STYLE = Automatic;
				CURRENT_PROJECT_VERSION = 1;
				DEVELOPMENT_TEAM = 4S4JPYLG6Z;
				GENERATE_INFOPLIST_FILE = YES;
				INFOPLIST_FILE = mmmarinasel_expense_tracker/Info.plist;
				INFOPLIST_KEY_UIApplicationSupportsIndirectInputEvents = YES;
				INFOPLIST_KEY_UILaunchStoryboardName = LaunchScreen;
				INFOPLIST_KEY_UISupportedInterfaceOrientations = UIInterfaceOrientationPortrait;
				LD_RUNPATH_SEARCH_PATHS = (
					"$(inherited)",
					"@executable_path/Frameworks",
				);
				MARKETING_VERSION = 1.0;
				PRODUCT_BUNDLE_IDENTIFIER = "mmmarinasel.mmmarinasel-expense-tracker";
				PRODUCT_NAME = "$(TARGET_NAME)";
				SWIFT_EMIT_LOC_STRINGS = YES;
				SWIFT_VERSION = 5.0;
				TARGETED_DEVICE_FAMILY = "1,2";
			};
			name = Debug;
		};
		41A0426F29572ECB007D8C56 /* Release */ = {
			isa = XCBuildConfiguration;
			buildSettings = {
				ASSETCATALOG_COMPILER_APPICON_NAME = AppIcon;
				ASSETCATALOG_COMPILER_GLOBAL_ACCENT_COLOR_NAME = AccentColor;
				CODE_SIGN_STYLE = Automatic;
				CURRENT_PROJECT_VERSION = 1;
				DEVELOPMENT_TEAM = 4S4JPYLG6Z;
				GENERATE_INFOPLIST_FILE = YES;
				INFOPLIST_FILE = mmmarinasel_expense_tracker/Info.plist;
				INFOPLIST_KEY_UIApplicationSupportsIndirectInputEvents = YES;
				INFOPLIST_KEY_UILaunchStoryboardName = LaunchScreen;
				INFOPLIST_KEY_UISupportedInterfaceOrientations = UIInterfaceOrientationPortrait;
				LD_RUNPATH_SEARCH_PATHS = (
					"$(inherited)",
					"@executable_path/Frameworks",
				);
				MARKETING_VERSION = 1.0;
				PRODUCT_BUNDLE_IDENTIFIER = "mmmarinasel.mmmarinasel-expense-tracker";
				PRODUCT_NAME = "$(TARGET_NAME)";
				SWIFT_EMIT_LOC_STRINGS = YES;
				SWIFT_VERSION = 5.0;
				TARGETED_DEVICE_FAMILY = "1,2";
			};
			name = Release;
		};
/* End XCBuildConfiguration section */

/* Begin XCConfigurationList section */
		41A0425129572EC2007D8C56 /* Build configuration list for PBXProject "mmmarinasel_expense_tracker" */ = {
			isa = XCConfigurationList;
			buildConfigurations = (
				41A0426B29572ECB007D8C56 /* Debug */,
				41A0426C29572ECB007D8C56 /* Release */,
			);
			defaultConfigurationIsVisible = 0;
			defaultConfigurationName = Release;
		};
		41A0426D29572ECB007D8C56 /* Build configuration list for PBXNativeTarget "mmmarinasel_expense_tracker" */ = {
			isa = XCConfigurationList;
			buildConfigurations = (
				41A0426E29572ECB007D8C56 /* Debug */,
				41A0426F29572ECB007D8C56 /* Release */,
			);
			defaultConfigurationIsVisible = 0;
			defaultConfigurationName = Release;
		};
/* End XCConfigurationList section */

/* Begin XCVersionGroup section */
		41A0426229572EC2007D8C56 /* mmmarinasel_expense_tracker.xcdatamodeld */ = {
			isa = XCVersionGroup;
			children = (
				41A0426329572EC2007D8C56 /* mmmarinasel_expense_tracker.xcdatamodel */,
			);
			currentVersion = 41A0426329572EC2007D8C56 /* mmmarinasel_expense_tracker.xcdatamodel */;
			path = mmmarinasel_expense_tracker.xcdatamodeld;
			sourceTree = "<group>";
			versionGroupType = wrapper.xcdatamodel;
		};
/* End XCVersionGroup section */
	};
	rootObject = 41A0424E29572EC2007D8C56 /* Project object */;
}
